
Microsoft Visual Studio Solution File, Format Version 12.00
# Visual Studio Version 16
VisualStudioVersion = 16.0.30011.22
MinimumVisualStudioVersion = 10.0.40219.1
Project("{FAE04EC0-301F-11D3-BF4B-00C04F79EFBC}") = "Kianwaters_s00187504", "Kianwaters_s00187504\Kianwaters_s00187504.csproj", "{9B092EF5-063E-4F6F-AAEC-684A24C166C5}"
EndProject
Project("{FAE04EC0-301F-11D3-BF4B-00C04F79EFBC}") = "Phone_TEST", "Phone_TEST\Phone_TEST.csproj", "{DA88CC1B-9790-4DF9-8701-266CF230D78E}"
EndProject
Project("{FAE04EC0-301F-11D3-BF4B-00C04F79EFBC}") = "Databse", "Databse\Databse.csproj", "{38BA021F-AA5A-4081-97EC-BEB7F595EDBD}"
EndProject
Project("{2150E333-8FDC-42A3-9474-1A3956D46DE8}") = "Images", "Images", "{44BFEDCE-98DC-4F75-987C-2016F05EE19A}"
	ProjectSection(SolutionItems) = preProject
		images\android.png = images\android.png
		images\apple.png = images\apple.png
		images\iphone11.png = images\iphone11.png
		images\s20.jpg = images\s20.jpg
	EndProjectSection
EndProject
Global
	GlobalSection(SolutionConfigurationPlatforms) = preSolution
		Debug|Any CPU = Debug|Any CPU
		Release|Any CPU = Release|Any CPU
	EndGlobalSection
	GlobalSection(ProjectConfigurationPlatforms) = postSolution
		{9B092EF5-063E-4F6F-AAEC-684A24C166C5}.Debug|Any CPU.ActiveCfg = Debug|Any CPU
		{9B092EF5-063E-4F6F-AAEC-684A24C166C5}.Debug|Any CPU.Build.0 = Debug|Any CPU
		{9B092EF5-063E-4F6F-AAEC-684A24C166C5}.Release|Any CPU.ActiveCfg = Release|Any CPU
		{9B092EF5-063E-4F6F-AAEC-684A24C166C5}.Release|Any CPU.Build.0 = Release|Any CPU
		{DA88CC1B-9790-4DF9-8701-266CF230D78E}.Debug|Any CPU.ActiveCfg = Debug|Any CPU
		{DA88CC1B-9790-4DF9-8701-266CF230D78E}.Debug|Any CPU.Build.0 = Debug|Any CPU
		{DA88CC1B-9790-4DF9-8701-266CF230D78E}.Release|Any CPU.ActiveCfg = Release|Any CPU
		{DA88CC1B-9790-4DF9-8701-266CF230D78E}.Release|Any CPU.Build.0 = Release|Any CPU
		{38BA021F-AA5A-4081-97EC-BEB7F595EDBD}.Debug|Any CPU.ActiveCfg = Debug|Any CPU
		{38BA021F-AA5A-4081-97EC-BEB7F595EDBD}.Debug|Any CPU.Build.0 = Debug|Any CPU
		{38BA021F-AA5A-4081-97EC-BEB7F595EDBD}.Release|Any CPU.ActiveCfg = Release|Any CPU
		{38BA021F-AA5A-4081-97EC-BEB7F595EDBD}.Release|Any CPU.Build.0 = Release|Any CPU
	EndGlobalSection
	GlobalSection(SolutionProperties) = preSolution
		HideSolutionNode = FALSE
	EndGlobalSection
	GlobalSection(ExtensibilityGlobals) = postSolution
		SolutionGuid = {E67A9F4C-C815-4F71-9E6E-4FB11949C26F}
	EndGlobalSection
EndGlobal
